
Microsoft Visual Studio Solution File, Format Version 12.00
# Visual Studio Version 16
VisualStudioVersion = 16.0.810.14
MinimumVisualStudioVersion = 10.0.40219.1
Project("{FAE04EC0-301F-11D3-BF4B-00C04F79EFBC}") = "EMigrant2", "EMigrant2\EMigrant2.csproj", "{63014000-17BE-4615-81DF-3D2B6158E58F}"
EndProject
Project("{FAE04EC0-301F-11D3-BF4B-00C04F79EFBC}") = "EMigrant2.Persistencia", "EMigrant2.Persistencia\EMigrant2.Persistencia.csproj", "{DF39256C-3A64-460C-9600-8435B27D14A4}"
EndProject
Project("{FAE04EC0-301F-11D3-BF4B-00C04F79EFBC}") = "EMigrant2.Modelos", "EMigrant2.Modelos\EMigrant2.Modelos.csproj", "{88BA8413-6DFE-44FF-A363-8DEF71A1D63E}"
EndProject
Global
	GlobalSection(SolutionConfigurationPlatforms) = preSolution
		Debug|Any CPU = Debug|Any CPU
		Release|Any CPU = Release|Any CPU
	EndGlobalSection
	GlobalSection(ProjectConfigurationPlatforms) = postSolution
		{63014000-17BE-4615-81DF-3D2B6158E58F}.Debug|Any CPU.ActiveCfg = Debug|Any CPU
		{63014000-17BE-4615-81DF-3D2B6158E58F}.Debug|Any CPU.Build.0 = Debug|Any CPU
		{63014000-17BE-4615-81DF-3D2B6158E58F}.Release|Any CPU.ActiveCfg = Release|Any CPU
		{63014000-17BE-4615-81DF-3D2B6158E58F}.Release|Any CPU.Build.0 = Release|Any CPU
		{DF39256C-3A64-460C-9600-8435B27D14A4}.Debug|Any CPU.ActiveCfg = Debug|Any CPU
		{DF39256C-3A64-460C-9600-8435B27D14A4}.Debug|Any CPU.Build.0 = Debug|Any CPU
		{DF39256C-3A64-460C-9600-8435B27D14A4}.Release|Any CPU.ActiveCfg = Release|Any CPU
		{DF39256C-3A64-460C-9600-8435B27D14A4}.Release|Any CPU.Build.0 = Release|Any CPU
		{88BA8413-6DFE-44FF-A363-8DEF71A1D63E}.Debug|Any CPU.ActiveCfg = Debug|Any CPU
		{88BA8413-6DFE-44FF-A363-8DEF71A1D63E}.Debug|Any CPU.Build.0 = Debug|Any CPU
		{88BA8413-6DFE-44FF-A363-8DEF71A1D63E}.Release|Any CPU.ActiveCfg = Release|Any CPU
		{88BA8413-6DFE-44FF-A363-8DEF71A1D63E}.Release|Any CPU.Build.0 = Release|Any CPU
	EndGlobalSection
	GlobalSection(SolutionProperties) = preSolution
		HideSolutionNode = FALSE
	EndGlobalSection
	GlobalSection(ExtensibilityGlobals) = postSolution
		SolutionGuid = {9BE78F92-EC89-4EC7-956A-75AC5EC6BDBE}
	EndGlobalSection
EndGlobal
